
Microsoft Visual Studio Solution File, Format Version 12.00
# Visual Studio Version 17
VisualStudioVersion = 17.0.32002.185
MinimumVisualStudioVersion = 10.0.40219.1
Project("{2150E333-8FDC-42A3-9474-1A3956D46DE8}") = "Scripts", "Scripts", "{F4756106-F750-4CE1-93B7-0A272ACF8CFF}"
	ProjectSection(SolutionItems) = preProject
		ImportGeoJson.sql = ImportGeoJson.sql
		pgsetup.sh = pgsetup.sh
		pgsetup.sql = pgsetup.sql
		sqlsetup.sql = sqlsetup.sql
	EndProjectSection
EndProject
Project("{2150E333-8FDC-42A3-9474-1A3956D46DE8}") = "Solution Items", "Solution Items", "{478FA7C7-DDEC-418D-8696-3482B059C76F}"
	ProjectSection(SolutionItems) = preProject
		.editorconfig = .editorconfig
		Directory.Packages.props = Directory.Packages.props
	EndProjectSection
EndProject
Project("{2150E333-8FDC-42A3-9474-1A3956D46DE8}") = "WebCore", "WebCore", "{3199017E-7761-4B6A-86CA-479144D3F1BA}"
	ProjectSection(SolutionItems) = preProject
		WebCore\.editorconfig = WebCore\.editorconfig
	EndProjectSection
EndProject
Project("{9A19103F-16F7-4668-BE54-9A1E7A4F7556}") = "Spurious2", "WebCore\Spurious2\Spurious2.csproj", "{615EFF0F-0F8D-4F74-9488-C2EED473A673}"
EndProject
Project("{9A19103F-16F7-4668-BE54-9A1E7A4F7556}") = "Spurious2.Infrastructure", "WebCore\Spurious2.Infrastructure\Spurious2.Infrastructure.csproj", "{8DA353C4-C440-4706-8727-C77199F87AC3}"
EndProject
Project("{9A19103F-16F7-4668-BE54-9A1E7A4F7556}") = "Spurious2.Core2", "WebCore\Spurious2.Core2\Spurious2.Core2.csproj", "{BE971C82-5FB3-44AE-B9CE-1ED4CAD838AA}"
EndProject
Project("{E53339B2-1760-4266-BCC7-CA923CBCF16C}") = "docker-compose", "docker-compose.dcproj", "{1B6C7173-07C5-4623-9A7A-885BF90641BB}"
EndProject
Project("{9A19103F-16F7-4668-BE54-9A1E7A4F7556}") = "Spurious2.UnitTests", "WebCore\Spurious2.UnitTests\Spurious2.UnitTests.csproj", "{C589A044-724A-4537-9BF1-AA72BF16C4E2}"
EndProject
Project("{9A19103F-16F7-4668-BE54-9A1E7A4F7556}") = "Spurious2.Function2", "Spurious2.Function2\Spurious2.Function2.csproj", "{C3B00BA3-5A6C-4A2B-ADB4-BD5062C79E6B}"
EndProject
Global
	GlobalSection(SolutionConfigurationPlatforms) = preSolution
		Debug|Any CPU = Debug|Any CPU
		Release|Any CPU = Release|Any CPU
	EndGlobalSection
	GlobalSection(ProjectConfigurationPlatforms) = postSolution
		{615EFF0F-0F8D-4F74-9488-C2EED473A673}.Debug|Any CPU.ActiveCfg = Debug|Any CPU
		{615EFF0F-0F8D-4F74-9488-C2EED473A673}.Debug|Any CPU.Build.0 = Debug|Any CPU
		{615EFF0F-0F8D-4F74-9488-C2EED473A673}.Release|Any CPU.ActiveCfg = Release|Any CPU
		{615EFF0F-0F8D-4F74-9488-C2EED473A673}.Release|Any CPU.Build.0 = Release|Any CPU
		{8DA353C4-C440-4706-8727-C77199F87AC3}.Debug|Any CPU.ActiveCfg = Debug|Any CPU
		{8DA353C4-C440-4706-8727-C77199F87AC3}.Debug|Any CPU.Build.0 = Debug|Any CPU
		{8DA353C4-C440-4706-8727-C77199F87AC3}.Release|Any CPU.ActiveCfg = Release|Any CPU
		{8DA353C4-C440-4706-8727-C77199F87AC3}.Release|Any CPU.Build.0 = Release|Any CPU
		{BE971C82-5FB3-44AE-B9CE-1ED4CAD838AA}.Debug|Any CPU.ActiveCfg = Debug|Any CPU
		{BE971C82-5FB3-44AE-B9CE-1ED4CAD838AA}.Debug|Any CPU.Build.0 = Debug|Any CPU
		{BE971C82-5FB3-44AE-B9CE-1ED4CAD838AA}.Release|Any CPU.ActiveCfg = Release|Any CPU
		{BE971C82-5FB3-44AE-B9CE-1ED4CAD838AA}.Release|Any CPU.Build.0 = Release|Any CPU
		{1B6C7173-07C5-4623-9A7A-885BF90641BB}.Debug|Any CPU.ActiveCfg = Debug|Any CPU
		{1B6C7173-07C5-4623-9A7A-885BF90641BB}.Debug|Any CPU.Build.0 = Debug|Any CPU
		{1B6C7173-07C5-4623-9A7A-885BF90641BB}.Release|Any CPU.ActiveCfg = Release|Any CPU
		{1B6C7173-07C5-4623-9A7A-885BF90641BB}.Release|Any CPU.Build.0 = Release|Any CPU
		{C589A044-724A-4537-9BF1-AA72BF16C4E2}.Debug|Any CPU.ActiveCfg = Debug|Any CPU
		{C589A044-724A-4537-9BF1-AA72BF16C4E2}.Debug|Any CPU.Build.0 = Debug|Any CPU
		{C589A044-724A-4537-9BF1-AA72BF16C4E2}.Release|Any CPU.ActiveCfg = Release|Any CPU
		{C589A044-724A-4537-9BF1-AA72BF16C4E2}.Release|Any CPU.Build.0 = Release|Any CPU
		{C3B00BA3-5A6C-4A2B-ADB4-BD5062C79E6B}.Debug|Any CPU.ActiveCfg = Debug|Any CPU
		{C3B00BA3-5A6C-4A2B-ADB4-BD5062C79E6B}.Debug|Any CPU.Build.0 = Debug|Any CPU
		{C3B00BA3-5A6C-4A2B-ADB4-BD5062C79E6B}.Release|Any CPU.ActiveCfg = Release|Any CPU
		{C3B00BA3-5A6C-4A2B-ADB4-BD5062C79E6B}.Release|Any CPU.Build.0 = Release|Any CPU
	EndGlobalSection
	GlobalSection(SolutionProperties) = preSolution
		HideSolutionNode = FALSE
	EndGlobalSection
	GlobalSection(NestedProjects) = preSolution
		{615EFF0F-0F8D-4F74-9488-C2EED473A673} = {3199017E-7761-4B6A-86CA-479144D3F1BA}
		{8DA353C4-C440-4706-8727-C77199F87AC3} = {3199017E-7761-4B6A-86CA-479144D3F1BA}
		{BE971C82-5FB3-44AE-B9CE-1ED4CAD838AA} = {3199017E-7761-4B6A-86CA-479144D3F1BA}
		{C589A044-724A-4537-9BF1-AA72BF16C4E2} = {3199017E-7761-4B6A-86CA-479144D3F1BA}
	EndGlobalSection
	GlobalSection(ExtensibilityGlobals) = postSolution
		SolutionGuid = {B7CE7210-A357-42F8-9624-1DAF635C1D19}
	EndGlobalSection
EndGlobal
