
Microsoft Visual Studio Solution File, Format Version 12.00
# Visual Studio Version 17
VisualStudioVersion = 17.5.002.0
MinimumVisualStudioVersion = 10.0.40219.1
Project("{9A19103F-16F7-4668-BE54-9A1E7A4F7556}") = "Spurious2.Function2", "Spurious2.Function2.csproj", "{C9751BBE-4DEE-4BE5-B50D-F99A4693AE0B}"
EndProject
Global
	GlobalSection(SolutionConfigurationPlatforms) = preSolution
		Debug|Any CPU = Debug|Any CPU
		Release|Any CPU = Release|Any CPU
	EndGlobalSection
	GlobalSection(ProjectConfigurationPlatforms) = postSolution
		{C9751BBE-4DEE-4BE5-B50D-F99A4693AE0B}.Debug|Any CPU.ActiveCfg = Debug|Any CPU
		{C9751BBE-4DEE-4BE5-B50D-F99A4693AE0B}.Debug|Any CPU.Build.0 = Debug|Any CPU
		{C9751BBE-4DEE-4BE5-B50D-F99A4693AE0B}.Release|Any CPU.ActiveCfg = Release|Any CPU
		{C9751BBE-4DEE-4BE5-B50D-F99A4693AE0B}.Release|Any CPU.Build.0 = Release|Any CPU
	EndGlobalSection
	GlobalSection(SolutionProperties) = preSolution
		HideSolutionNode = FALSE
	EndGlobalSection
	GlobalSection(ExtensibilityGlobals) = postSolution
		SolutionGuid = {B680544D-3CC1-4B11-B061-F810CD7422C6}
	EndGlobalSection
EndGlobal
